
Microsoft Visual Studio Solution File, Format Version 12.00
# Visual Studio Version 16
VisualStudioVersion = 16.0.29519.87
MinimumVisualStudioVersion = 10.0.40219.1
Project("{FAE04EC0-301F-11D3-BF4B-00C04F79EFBC}") = "BazeSkladistaIZalihe", "BazeSkladistaIZalihe\BazeSkladistaIZalihe.csproj", "{2D6B0D53-F766-40EC-B356-419C2E638553}"
EndProject
Global
	GlobalSection(SolutionConfigurationPlatforms) = preSolution
		Debug|Any CPU = Debug|Any CPU
		Release|Any CPU = Release|Any CPU
	EndGlobalSection
	GlobalSection(ProjectConfigurationPlatforms) = postSolution
		{2D6B0D53-F766-40EC-B356-419C2E638553}.Debug|Any CPU.ActiveCfg = Debug|Any CPU
		{2D6B0D53-F766-40EC-B356-419C2E638553}.Debug|Any CPU.Build.0 = Debug|Any CPU
		{2D6B0D53-F766-40EC-B356-419C2E638553}.Release|Any CPU.ActiveCfg = Release|Any CPU
		{2D6B0D53-F766-40EC-B356-419C2E638553}.Release|Any CPU.Build.0 = Release|Any CPU
	EndGlobalSection
	GlobalSection(SolutionProperties) = preSolution
		HideSolutionNode = FALSE
	EndGlobalSection
	GlobalSection(ExtensibilityGlobals) = postSolution
		SolutionGuid = {F8DB0492-AA98-4B21-95E9-238A139A1875}
	EndGlobalSection
EndGlobal
